{
    "_readme": [
        "This file locks the dependencies of your project to a known state",
        "Read more about it at https://getcomposer.org/doc/01-basic-usage.md#installing-dependencies",
        "This file is @generated automatically"
    ],
    "content-hash": "5d7ec374ae04e063e8e0308d5671d238",
    "packages": [
        {
            "name": "knplabs/github-api",
            "version": "v3.3.0",
            "source": {
                "type": "git",
                "url": "https://github.com/KnpLabs/php-github-api.git",
                "reference": "0442abd1361956e3a87e71683154c5c33c5a0dad"
            },
            "dist": {
                "type": "zip",
                "url": "https://api.github.com/repos/KnpLabs/php-github-api/zipball/0442abd1361956e3a87e71683154c5c33c5a0dad",
                "reference": "0442abd1361956e3a87e71683154c5c33c5a0dad",
                "shasum": ""
            },
            "require": {
                "ext-json": "*",
                "php": "^7.2.5 || ^8.0",
                "php-http/cache-plugin": "^1.7.1",
                "php-http/client-common": "^2.3",
                "php-http/discovery": "^1.12",
                "php-http/httplug": "^2.2",
                "php-http/multipart-stream-builder": "^1.1.2",
                "psr/cache": "^1.0",
                "psr/http-client-implementation": "^1.0",
                "psr/http-factory-implementation": "^1.0",
                "psr/http-message": "^1.0",
                "symfony/deprecation-contracts": "^2.2",
                "symfony/polyfill-php80": "^1.17"
            },
            "require-dev": {
                "guzzlehttp/guzzle": "^7.2",
                "guzzlehttp/psr7": "^1.7",
                "http-interop/http-factory-guzzle": "^1.0",
                "php-http/mock-client": "^1.4.1",
                "phpstan/extension-installer": "^1.0.5",
                "phpstan/phpstan": "^0.12.57",
                "phpstan/phpstan-deprecation-rules": "^0.12.5",
                "phpunit/phpunit": "^8.5 || ^9.4",
                "symfony/cache": "^5.1.8",
                "symfony/phpunit-bridge": "^5.2"
            },
            "type": "library",
            "extra": {
                "branch-alias": {
                    "dev-2.x": "2.20.x-dev",
                    "dev-master": "3.3.x-dev"
                }
            },
            "autoload": {
                "psr-4": {
                    "Github\\": "lib/Github/"
                }
            },
            "notification-url": "https://packagist.org/downloads/",
            "license": [
                "MIT"
            ],
            "authors": [
                {
                    "name": "KnpLabs Team",
                    "homepage": "http://knplabs.com"
                },
                {
                    "name": "Thibault Duplessis",
                    "email": "thibault.duplessis@gmail.com",
                    "homepage": "http://ornicar.github.com"
                }
            ],
            "description": "GitHub API v3 client",
            "homepage": "https://github.com/KnpLabs/php-github-api",
            "keywords": [
                "api",
                "gh",
                "gist",
                "github"
            ],
            "support": {
                "issues": "https://github.com/KnpLabs/php-github-api/issues",
                "source": "https://github.com/KnpLabs/php-github-api/tree/v3.3.0"
            },
            "funding": [
                {
                    "url": "https://github.com/acrobat",
                    "type": "github"
                }
            ],
            "time": "2021-05-20T20:28:41+00:00"
        }
    ],
    "packages-dev": [],
    "aliases": [],
    "minimum-stability": "stable",
    "stability-flags": [],
    "prefer-stable": false,
    "prefer-lowest": false,
    "platform": [],
    "platform-dev": [],
    "plugin-api-version": "2.1.0"
}
